<?xml version="1.0" encoding="utf-8"?>
<Project ToolsVersion="Current" xmlns="http://schemas.microsoft.com/developer/msbuild/2003">
  <ItemGroup>
    <Filter Include="Source Files">
      <UniqueIdentifier>{76F32F28-90C1-4399-9DA9-BAA6B807C2C8}</UniqueIdentifier>
      <Extensions>cpp;c;cxx</Extensions>
    </Filter>
    <Filter Include="Header Files">
      <UniqueIdentifier>{0F8561B5-9FD4-4E00-AEDB-9630D26B0C4E}</UniqueIdentifier>
      <Extensions>h;hpp;hxx</Extensions>
    </Filter>
    <Filter Include="Build Files">
      <UniqueIdentifier>{21EA6EE4-A66E-43F8-843B-F8E25DFF8E5F}</UniqueIdentifier>
    </Filter>
  </ItemGroup>
  <ItemGroup>
    <ClCompile Include="src\CursorManager.cpp">
      <Filter>Source Files</Filter>
    </ClCompile>
    <ClCompile Include="src\HandlerManager.cpp">
      <Filter>Source Files</Filter>
    </ClCompile>
    <ClCompile Include="src\IdentityManager.cpp">
      <Filter>Source Files</Filter>
    </ClCompile>
    <ClCompile Include="src\LifecycleManager.cpp">
      <Filter>Source Files</Filter>
    </ClCompile>
    <ClCompile Include="src\NamespaceReferenceManager.cpp">
      <Filter>Source Files</Filter>
    </ClCompile>
    <ClCompile Include="src\NT.cpp">
      <Filter>Source Files</Filter>
    </ClCompile>
    <ClCompile Include="src\ObjectManager.cpp">
      <Filter>Source Files</Filter>
    </ClCompile>
    <ClCompile Include="src\PermissionsManager.cpp">
      <Filter>Source Files</Filter>
    </ClCompile>
    <ClCompile Include="src\WAM.cpp">
      <Filter>Source Files</Filter>
    </ClCompile>
  </ItemGroup>
  <ItemGroup>
    <ClInclude Include="include\Api.h">
      <Filter>Header Files</Filter>
    </ClInclude>
    <ClInclude Include="include\CursorManager.h">
      <Filter>Header Files</Filter>
    </ClInclude>
    <ClInclude Include="include\HandlerManager.h">
      <Filter>Header Files</Filter>
    </ClInclude>
    <ClInclude Include="include\IdentityManager.h">
      <Filter>Header Files</Filter>
    </ClInclude>
    <ClInclude Include="include\LifecycleManager.h">
      <Filter>Header Files</Filter>
    </ClInclude>
    <ClInclude Include="include\NamespaceReferenceManager.h">
      <Filter>Header Files</Filter>
    </ClInclude>
    <ClInclude Include="include\NT.h">
      <Filter>Header Files</Filter>
    </ClInclude>
    <ClInclude Include="include\ObjectManager.h">
      <Filter>Header Files</Filter>
    </ClInclude>
    <ClInclude Include="include\PermissionsManager.h">
      <Filter>Header Files</Filter>
    </ClInclude>
    <ClInclude Include="include\Runtime.h">
      <Filter>Header Files</Filter>
    </ClInclude>
    <ClInclude Include="include\Types.h">
      <Filter>Header Files</Filter>
    </ClInclude>
    <ClInclude Include="include\WAM.h">
      <Filter>Header Files</Filter>
    </ClInclude>
  </ItemGroup>
  <ItemGroup>
    <None Include="Doxyfile">
      <Filter>Build Files</Filter>
    </None>
    <None Include="docs\mainpage.dox">
      <Filter>Build Files</Filter>
    </None>
    <None Include="Makefile">
      <Filter>Build Files</Filter>
    </None>
  </ItemGroup>
</Project>
